
Microsoft Visual Studio Solution File, Format Version 12.00
# Visual Studio Version 17
VisualStudioVersion = 17.4.33213.308
MinimumVisualStudioVersion = 10.0.40219.1
Project("{FAE04EC0-301F-11D3-BF4B-00C04F79EFBC}") = "List", "List\List.csproj", "{43C277B7-27E7-4238-A0F1-CBC75632E32D}"
EndProject
Global
	GlobalSection(SolutionConfigurationPlatforms) = preSolution
		Debug|Any CPU = Debug|Any CPU
		Release|Any CPU = Release|Any CPU
	EndGlobalSection
	GlobalSection(ProjectConfigurationPlatforms) = postSolution
		{43C277B7-27E7-4238-A0F1-CBC75632E32D}.Debug|Any CPU.ActiveCfg = Debug|Any CPU
		{43C277B7-27E7-4238-A0F1-CBC75632E32D}.Debug|Any CPU.Build.0 = Debug|Any CPU
		{43C277B7-27E7-4238-A0F1-CBC75632E32D}.Release|Any CPU.ActiveCfg = Release|Any CPU
		{43C277B7-27E7-4238-A0F1-CBC75632E32D}.Release|Any CPU.Build.0 = Release|Any CPU
	EndGlobalSection
	GlobalSection(SolutionProperties) = preSolution
		HideSolutionNode = FALSE
	EndGlobalSection
	GlobalSection(ExtensibilityGlobals) = postSolution
		SolutionGuid = {D9137B15-6EA2-47E4-B67D-64C4FBD36399}
	EndGlobalSection
EndGlobal
